
Microsoft Visual Studio Solution File, Format Version 12.00
# Visual Studio Version 16
VisualStudioVersion = 16.0.30804.86
MinimumVisualStudioVersion = 10.0.40219.1
Project("{FAE04EC0-301F-11D3-BF4B-00C04F79EFBC}") = "Custom Server", "Custom Server\Custom Server.csproj", "{207AC399-7A0F-4AA2-A87C-97F5DC3E60DA}"
EndProject
Global
	GlobalSection(SolutionConfigurationPlatforms) = preSolution
		Debug|Any CPU = Debug|Any CPU
		Release|Any CPU = Release|Any CPU
	EndGlobalSection
	GlobalSection(ProjectConfigurationPlatforms) = postSolution
		{207AC399-7A0F-4AA2-A87C-97F5DC3E60DA}.Debug|Any CPU.ActiveCfg = Debug|Any CPU
		{207AC399-7A0F-4AA2-A87C-97F5DC3E60DA}.Debug|Any CPU.Build.0 = Debug|Any CPU
		{207AC399-7A0F-4AA2-A87C-97F5DC3E60DA}.Release|Any CPU.ActiveCfg = Release|Any CPU
		{207AC399-7A0F-4AA2-A87C-97F5DC3E60DA}.Release|Any CPU.Build.0 = Release|Any CPU
	EndGlobalSection
	GlobalSection(SolutionProperties) = preSolution
		HideSolutionNode = FALSE
	EndGlobalSection
	GlobalSection(ExtensibilityGlobals) = postSolution
		SolutionGuid = {0E2FD196-252B-4E8C-BDC8-1F22B4808F45}
	EndGlobalSection
EndGlobal
